
Microsoft Visual Studio Solution File, Format Version 12.00
# Visual Studio Version 16
VisualStudioVersion = 16.0.30804.86
MinimumVisualStudioVersion = 10.0.40219.1
Project("{FAE04EC0-301F-11D3-BF4B-00C04F79EFBC}") = "Ksiegarnia", "Ksiegarnia.csproj", "{143D7B1E-8A9F-4861-8686-74617324D8C1}"
EndProject
Project("{FAE04EC0-301F-11D3-BF4B-00C04F79EFBC}") = "UnitTestProject2", "..\UnitTestProject2\UnitTestProject2.csproj", "{E3088915-7A1E-417D-9910-3A400F4ACD4E}"
EndProject
Global
	GlobalSection(SolutionConfigurationPlatforms) = preSolution
		Debug|Any CPU = Debug|Any CPU
		Release|Any CPU = Release|Any CPU
	EndGlobalSection
	GlobalSection(ProjectConfigurationPlatforms) = postSolution
		{143D7B1E-8A9F-4861-8686-74617324D8C1}.Debug|Any CPU.ActiveCfg = Debug|Any CPU
		{143D7B1E-8A9F-4861-8686-74617324D8C1}.Debug|Any CPU.Build.0 = Debug|Any CPU
		{143D7B1E-8A9F-4861-8686-74617324D8C1}.Release|Any CPU.ActiveCfg = Release|Any CPU
		{143D7B1E-8A9F-4861-8686-74617324D8C1}.Release|Any CPU.Build.0 = Release|Any CPU
		{E3088915-7A1E-417D-9910-3A400F4ACD4E}.Debug|Any CPU.ActiveCfg = Debug|Any CPU
		{E3088915-7A1E-417D-9910-3A400F4ACD4E}.Debug|Any CPU.Build.0 = Debug|Any CPU
		{E3088915-7A1E-417D-9910-3A400F4ACD4E}.Release|Any CPU.ActiveCfg = Release|Any CPU
		{E3088915-7A1E-417D-9910-3A400F4ACD4E}.Release|Any CPU.Build.0 = Release|Any CPU
	EndGlobalSection
	GlobalSection(SolutionProperties) = preSolution
		HideSolutionNode = FALSE
	EndGlobalSection
	GlobalSection(ExtensibilityGlobals) = postSolution
		SolutionGuid = {28CA8AF2-F8BF-4DB5-9F53-C7060E5FAD12}
	EndGlobalSection
EndGlobal
